Microsoft Visual Studio Solution File, Format Version 12.00
# Visual Studio Version 17
VisualStudioVersion = 17.5.2.0
MinimumVisualStudioVersion = 10.0.40219.1
Project("{FAE04EC0-301F-11D3-BF4B-00C04F79EFBC}") = "MTGDraft", "MTGDraft.csproj", "{105F0583-DBC3-BAC1-3C80-CC55D4BF2199}"
EndProject
Global
	GlobalSection(SolutionConfigurationPlatforms) = preSolution
		Debug|Any CPU = Debug|Any CPU
		Release|Any CPU = Release|Any CPU
	EndGlobalSection
	GlobalSection(ProjectConfigurationPlatforms) = postSolution
		{105F0583-DBC3-BAC1-3C80-CC55D4BF2199}.Debug|Any CPU.ActiveCfg = Debug|Any CPU
		{105F0583-DBC3-BAC1-3C80-CC55D4BF2199}.Debug|Any CPU.Build.0 = Debug|Any CPU
		{105F0583-DBC3-BAC1-3C80-CC55D4BF2199}.Release|Any CPU.ActiveCfg = Release|Any CPU
		{105F0583-DBC3-BAC1-3C80-CC55D4BF2199}.Release|Any CPU.Build.0 = Release|Any CPU
	EndGlobalSection
	GlobalSection(SolutionProperties) = preSolution
		HideSolutionNode = FALSE
	EndGlobalSection
	GlobalSection(ExtensibilityGlobals) = postSolution
		SolutionGuid = {61A4182C-3CEB-438C-B39E-FECC781A174E}
	EndGlobalSection
EndGlobal
